
Microsoft Visual Studio Solution File, Format Version 12.00
# Visual Studio Version 17
VisualStudioVersion = 17.8.34525.116
MinimumVisualStudioVersion = 10.0.40219.1
Project("{FAE04EC0-301F-11D3-BF4B-00C04F79EFBC}") = "CsharpAssignment4", "CsharpAssignment4.csproj", "{DE38B4C5-46E2-4E0F-817C-CCEFA9222B34}"
EndProject
Global
	GlobalSection(SolutionConfigurationPlatforms) = preSolution
		Debug|Any CPU = Debug|Any CPU
		Release|Any CPU = Release|Any CPU
	EndGlobalSection
	GlobalSection(ProjectConfigurationPlatforms) = postSolution
		{DE38B4C5-46E2-4E0F-817C-CCEFA9222B34}.Debug|Any CPU.ActiveCfg = Debug|Any CPU
		{DE38B4C5-46E2-4E0F-817C-CCEFA9222B34}.Debug|Any CPU.Build.0 = Debug|Any CPU
		{DE38B4C5-46E2-4E0F-817C-CCEFA9222B34}.Release|Any CPU.ActiveCfg = Release|Any CPU
		{DE38B4C5-46E2-4E0F-817C-CCEFA9222B34}.Release|Any CPU.Build.0 = Release|Any CPU
	EndGlobalSection
	GlobalSection(SolutionProperties) = preSolution
		HideSolutionNode = FALSE
	EndGlobalSection
	GlobalSection(ExtensibilityGlobals) = postSolution
		SolutionGuid = {C39D913F-BC49-4B37-89E4-AA8E97D3B6D5}
	EndGlobalSection
EndGlobal
